
Microsoft Visual Studio Solution File, Format Version 12.00
# Visual Studio Version 16
VisualStudioVersion = 16.0.30114.105
MinimumVisualStudioVersion = 10.0.40219.1
Project("{FAE04EC0-301F-11D3-BF4B-00C04F79EFBC}") = "DesafioApi1.Host", "DesafioApi1.Host\DesafioApi1.Host.csproj", "{D0BF42A8-B147-4D3E-9715-5DF271F21ADC}"
EndProject
Project("{FAE04EC0-301F-11D3-BF4B-00C04F79EFBC}") = "DesafioApi1.Domain", "DesafioApi1.Domain\DesafioApi1.Domain.csproj", "{1D65D0F0-7877-44C3-AD06-CACDDBE08F9B}"
EndProject
Global
	GlobalSection(SolutionConfigurationPlatforms) = preSolution
		Debug|Any CPU = Debug|Any CPU
		Release|Any CPU = Release|Any CPU
	EndGlobalSection
	GlobalSection(ProjectConfigurationPlatforms) = postSolution
		{D0BF42A8-B147-4D3E-9715-5DF271F21ADC}.Debug|Any CPU.ActiveCfg = Debug|Any CPU
		{D0BF42A8-B147-4D3E-9715-5DF271F21ADC}.Debug|Any CPU.Build.0 = Debug|Any CPU
		{D0BF42A8-B147-4D3E-9715-5DF271F21ADC}.Release|Any CPU.ActiveCfg = Release|Any CPU
		{D0BF42A8-B147-4D3E-9715-5DF271F21ADC}.Release|Any CPU.Build.0 = Release|Any CPU
		{1D65D0F0-7877-44C3-AD06-CACDDBE08F9B}.Debug|Any CPU.ActiveCfg = Debug|Any CPU
		{1D65D0F0-7877-44C3-AD06-CACDDBE08F9B}.Debug|Any CPU.Build.0 = Debug|Any CPU
		{1D65D0F0-7877-44C3-AD06-CACDDBE08F9B}.Release|Any CPU.ActiveCfg = Release|Any CPU
		{1D65D0F0-7877-44C3-AD06-CACDDBE08F9B}.Release|Any CPU.Build.0 = Release|Any CPU
	EndGlobalSection
	GlobalSection(SolutionProperties) = preSolution
		HideSolutionNode = FALSE
	EndGlobalSection
	GlobalSection(ExtensibilityGlobals) = postSolution
		SolutionGuid = {D9063907-F407-451B-A481-84A626F3DE01}
	EndGlobalSection
EndGlobal
